// !$*UTF8*$!
{
	archiveVersion = 1;
	classes = {
	};
	objectVersion = 56;
	objects = {

/* Begin PBXBuildFile section */
		1176697EF24FA025AD05A1DD /* Pods_IGyfs.framework in Frameworks */ = {isa = PBXBuildFile; fileRef = 5186B5A207D5500DC5A6A367 /* Pods_IGyfs.framework */; };
		6A57BA2B29A95344009DD3E1 /* ShowGiffViewController.swift in Sources */ = {isa = PBXBuildFile; fileRef = 6A57BA2A29A95344009DD3E1 /* ShowGiffViewController.swift */; };
		6A57BA2D29A9536E009DD3E1 /* ShowGiffScreen.swift in Sources */ = {isa = PBXBuildFile; fileRef = 6A57BA2C29A9536E009DD3E1 /* ShowGiffScreen.swift */; };
		6A57BA2F29A95C13009DD3E1 /* ShowGiffViewModel.swift in Sources */ = {isa = PBXBuildFile; fileRef = 6A57BA2E29A95C13009DD3E1 /* ShowGiffViewModel.swift */; };
		6A91EBBF29A54430002CB384 /* GiffViewController.swift in Sources */ = {isa = PBXBuildFile; fileRef = 6A91EBBE29A54430002CB384 /* GiffViewController.swift */; };
		6A91EBC229A56901002CB384 /* GiffScreen.swift in Sources */ = {isa = PBXBuildFile; fileRef = 6A91EBC129A56901002CB384 /* GiffScreen.swift */; };
		6A91EBCC29A56ACE002CB384 /* GiffCollectionView.swift in Sources */ = {isa = PBXBuildFile; fileRef = 6A91EBCB29A56ACE002CB384 /* GiffCollectionView.swift */; };
		6A91EBCE29A572AD002CB384 /* GiffViewModel.swift in Sources */ = {isa = PBXBuildFile; fileRef = 6A91EBCD29A572AD002CB384 /* GiffViewModel.swift */; };
		6A91EBD029A574C5002CB384 /* GiffCollectionViewCell.swift in Sources */ = {isa = PBXBuildFile; fileRef = 6A91EBCF29A574C5002CB384 /* GiffCollectionViewCell.swift */; };
		6A91EBD229A57BCC002CB384 /* GiffHeaderCollectionView.swift in Sources */ = {isa = PBXBuildFile; fileRef = 6A91EBD129A57BCC002CB384 /* GiffHeaderCollectionView.swift */; };
		6A91EBD529A5959D002CB384 /* GiffEntity.swift in Sources */ = {isa = PBXBuildFile; fileRef = 6A91EBD429A5959D002CB384 /* GiffEntity.swift */; };
		6A91EBD729A595F6002CB384 /* GiffImageEntity.swift in Sources */ = {isa = PBXBuildFile; fileRef = 6A91EBD629A595F6002CB384 /* GiffImageEntity.swift */; };
		6A91EBD929A59636002CB384 /* GyphyDataEntity.swift in Sources */ = {isa = PBXBuildFile; fileRef = 6A91EBD829A59636002CB384 /* GyphyDataEntity.swift */; };
		6A91EBDB29A59674002CB384 /* GiffService.swift in Sources */ = {isa = PBXBuildFile; fileRef = 6A91EBDA29A59674002CB384 /* GiffService.swift */; };
		6A91EBDD29A59986002CB384 /* Giff.swift in Sources */ = {isa = PBXBuildFile; fileRef = 6A91EBDC29A59986002CB384 /* Giff.swift */; };
		6AECD2CA299DA50200C3A9E9 /* AppDelegate.swift in Sources */ = {isa = PBXBuildFile; fileRef = 6AECD2C9299DA50200C3A9E9 /* AppDelegate.swift */; };
		6AECD2CC299DA50200C3A9E9 /* SceneDelegate.swift in Sources */ = {isa = PBXBuildFile; fileRef = 6AECD2CB299DA50200C3A9E9 /* SceneDelegate.swift */; };
		6AECD2D4299DA50200C3A9E9 /* IGyfs.xcdatamodeld in Sources */ = {isa = PBXBuildFile; fileRef = 6AECD2D2299DA50200C3A9E9 /* IGyfs.xcdatamodeld */; };
		6AECD2D6299DA50400C3A9E9 /* Assets.xcassets in Resources */ = {isa = PBXBuildFile; fileRef = 6AECD2D5299DA50400C3A9E9 /* Assets.xcassets */; };
		6AECD2D9299DA50400C3A9E9 /* LaunchScreen.storyboard in Resources */ = {isa = PBXBuildFile; fileRef = 6AECD2D7299DA50400C3A9E9 /* LaunchScreen.storyboard */; };
/* End PBXBuildFile section */

/* Begin PBXFileReference section */
		5186B5A207D5500DC5A6A367 /* Pods_IGyfs.framework */ = {isa = PBXFileReference; explicitFileType = wrapper.framework; includeInIndex = 0; path = Pods_IGyfs.framework; sourceTree = BUILT_PRODUCTS_DIR; };
		6A57BA2A29A95344009DD3E1 /* ShowGiffViewController.swift */ = {isa = PBXFileReference; lastKnownFileType = sourcecode.swift; path = ShowGiffViewController.swift; sourceTree = "<group>"; };
		6A57BA2C29A9536E009DD3E1 /* ShowGiffScreen.swift */ = {isa = PBXFileReference; lastKnownFileType = sourcecode.swift; path = ShowGiffScreen.swift; sourceTree = "<group>"; };
		6A57BA2E29A95C13009DD3E1 /* ShowGiffViewModel.swift */ = {isa = PBXFileReference; lastKnownFileType = sourcecode.swift; path = ShowGiffViewModel.swift; sourceTree = "<group>"; };
		6A91EBBE29A54430002CB384 /* GiffViewController.swift */ = {isa = PBXFileReference; lastKnownFileType = sourcecode.swift; path = GiffViewController.swift; sourceTree = "<group>"; };
		6A91EBC129A56901002CB384 /* GiffScreen.swift */ = {isa = PBXFileReference; lastKnownFileType = sourcecode.swift; path = GiffScreen.swift; sourceTree = "<group>"; };
		6A91EBCB29A56ACE002CB384 /* GiffCollectionView.swift */ = {isa = PBXFileReference; lastKnownFileType = sourcecode.swift; path = GiffCollectionView.swift; sourceTree = "<group>"; };
		6A91EBCD29A572AD002CB384 /* GiffViewModel.swift */ = {isa = PBXFileReference; lastKnownFileType = sourcecode.swift; path = GiffViewModel.swift; sourceTree = "<group>"; };
		6A91EBCF29A574C5002CB384 /* GiffCollectionViewCell.swift */ = {isa = PBXFileReference; lastKnownFileType = sourcecode.swift; path = GiffCollectionViewCell.swift; sourceTree = "<group>"; };
		6A91EBD129A57BCC002CB384 /* GiffHeaderCollectionView.swift */ = {isa = PBXFileReference; lastKnownFileType = sourcecode.swift; path = GiffHeaderCollectionView.swift; sourceTree = "<group>"; };
		6A91EBD429A5959D002CB384 /* GiffEntity.swift */ = {isa = PBXFileReference; lastKnownFileType = sourcecode.swift; path = GiffEntity.swift; sourceTree = "<group>"; };
		6A91EBD629A595F6002CB384 /* GiffImageEntity.swift */ = {isa = PBXFileReference; lastKnownFileType = sourcecode.swift; path = GiffImageEntity.swift; sourceTree = "<group>"; };
		6A91EBD829A59636002CB384 /* GyphyDataEntity.swift */ = {isa = PBXFileReference; lastKnownFileType = sourcecode.swift; path = GyphyDataEntity.swift; sourceTree = "<group>"; };
		6A91EBDA29A59674002CB384 /* GiffService.swift */ = {isa = PBXFileReference; lastKnownFileType = sourcecode.swift; path = GiffService.swift; sourceTree = "<group>"; };
		6A91EBDC29A59986002CB384 /* Giff.swift */ = {isa = PBXFileReference; lastKnownFileType = sourcecode.swift; path = Giff.swift; sourceTree = "<group>"; };
		6AECD2C6299DA50200C3A9E9 /* IGyfs.app */ = {isa = PBXFileReference; explicitFileType = wrapper.application; includeInIndex = 0; path = IGyfs.app; sourceTree = BUILT_PRODUCTS_DIR; };
		6AECD2C9299DA50200C3A9E9 /* AppDelegate.swift */ = {isa = PBXFileReference; lastKnownFileType = sourcecode.swift; path = AppDelegate.swift; sourceTree = "<group>"; };
		6AECD2CB299DA50200C3A9E9 /* SceneDelegate.swift */ = {isa = PBXFileReference; lastKnownFileType = sourcecode.swift; path = SceneDelegate.swift; sourceTree = "<group>"; };
		6AECD2D3299DA50200C3A9E9 /* IGyfs.xcdatamodel */ = {isa = PBXFileReference; lastKnownFileType = wrapper.xcdatamodel; path = IGyfs.xcdatamodel; sourceTree = "<group>"; };
		6AECD2D5299DA50400C3A9E9 /* Assets.xcassets */ = {isa = PBXFileReference; lastKnownFileType = folder.assetcatalog; path = Assets.xcassets; sourceTree = "<group>"; };
		6AECD2D8299DA50400C3A9E9 /* Base */ = {isa = PBXFileReference; lastKnownFileType = file.storyboard; name = Base; path = Base.lproj/LaunchScreen.storyboard; sourceTree = "<group>"; };
		6AECD2DA299DA50400C3A9E9 /* Info.plist */ = {isa = PBXFileReference; lastKnownFileType = text.plist.xml; path = Info.plist; sourceTree = "<group>"; };
		EDE362D64AAECCA61A955F20 /* Pods-IGyfs.release.xcconfig */ = {isa = PBXFileReference; includeInIndex = 1; lastKnownFileType = text.xcconfig; name = "Pods-IGyfs.release.xcconfig"; path = "Target Support Files/Pods-IGyfs/Pods-IGyfs.release.xcconfig"; sourceTree = "<group>"; };
		F46E1EC0C158C7AFB512C077 /* Pods-IGyfs.debug.xcconfig */ = {isa = PBXFileReference; includeInIndex = 1; lastKnownFileType = text.xcconfig; name = "Pods-IGyfs.debug.xcconfig"; path = "Target Support Files/Pods-IGyfs/Pods-IGyfs.debug.xcconfig"; sourceTree = "<group>"; };
/* End PBXFileReference section */

/* Begin PBXFrameworksBuildPhase section */
		6AECD2C3299DA50200C3A9E9 /* Frameworks */ = {
			isa = PBXFrameworksBuildPhase;
			buildActionMask = 2147483647;
			files = (
				1176697EF24FA025AD05A1DD /* Pods_IGyfs.framework in Frameworks */,
			);
			runOnlyForDeploymentPostprocessing = 0;
		};
/* End PBXFrameworksBuildPhase section */

/* Begin PBXGroup section */
		2DB1B0298F24D45D4B72BE60 /* Pods */ = {
			isa = PBXGroup;
			children = (
				F46E1EC0C158C7AFB512C077 /* Pods-IGyfs.debug.xcconfig */,
				EDE362D64AAECCA61A955F20 /* Pods-IGyfs.release.xcconfig */,
			);
			path = Pods;
			sourceTree = "<group>";
		};
		6A57BA2829A952D6009DD3E1 /* Screens */ = {
			isa = PBXGroup;
			children = (
				6A91EBCA29A56A57002CB384 /* CollectionView */,
				6A91EBC129A56901002CB384 /* GiffScreen.swift */,
				6A57BA2C29A9536E009DD3E1 /* ShowGiffScreen.swift */,
			);
			path = Screens;
			sourceTree = "<group>";
		};
		6A57BA2929A95301009DD3E1 /* ViewControllers */ = {
			isa = PBXGroup;
			children = (
				6A91EBBE29A54430002CB384 /* GiffViewController.swift */,
				6A57BA2A29A95344009DD3E1 /* ShowGiffViewController.swift */,
			);
			path = ViewControllers;
			sourceTree = "<group>";
		};
		6A91EBC629A56972002CB384 /* Presentation */ = {
			isa = PBXGroup;
			children = (
				6A57BA2929A95301009DD3E1 /* ViewControllers */,
				6A57BA2829A952D6009DD3E1 /* Screens */,
				6A91EBC929A569B0002CB384 /* ViewModel */,
			);
			path = Presentation;
			sourceTree = "<group>";
		};
		6A91EBC729A56978002CB384 /* Model */ = {
			isa = PBXGroup;
			children = (
				6A91EBDC29A59986002CB384 /* Giff.swift */,
			);
			path = Model;
			sourceTree = "<group>";
		};
		6A91EBC829A56990002CB384 /* Services */ = {
			isa = PBXGroup;
			children = (
				6A91EBDA29A59674002CB384 /* GiffService.swift */,
			);
			path = Services;
			sourceTree = "<group>";
		};
		6A91EBC929A569B0002CB384 /* ViewModel */ = {
			isa = PBXGroup;
			children = (
				6A91EBCD29A572AD002CB384 /* GiffViewModel.swift */,
				6A57BA2E29A95C13009DD3E1 /* ShowGiffViewModel.swift */,
			);
			path = ViewModel;
			sourceTree = "<group>";
		};
		6A91EBCA29A56A57002CB384 /* CollectionView */ = {
			isa = PBXGroup;
			children = (
				6A91EBCB29A56ACE002CB384 /* GiffCollectionView.swift */,
				6A91EBCF29A574C5002CB384 /* GiffCollectionViewCell.swift */,
				6A91EBD129A57BCC002CB384 /* GiffHeaderCollectionView.swift */,
			);
			path = CollectionView;
			sourceTree = "<group>";
		};
		6A91EBD329A5958B002CB384 /* Entities */ = {
			isa = PBXGroup;
			children = (
				6A91EBD429A5959D002CB384 /* GiffEntity.swift */,
				6A91EBD629A595F6002CB384 /* GiffImageEntity.swift */,
				6A91EBD829A59636002CB384 /* GyphyDataEntity.swift */,
			);
			path = Entities;
			sourceTree = "<group>";
		};
		6AECD2BD299DA50200C3A9E9 = {
			isa = PBXGroup;
			children = (
				6AECD2C8299DA50200C3A9E9 /* IGyfs */,
				6AECD2C7299DA50200C3A9E9 /* Products */,
				2DB1B0298F24D45D4B72BE60 /* Pods */,
				E8CB2AC3E59E3966E457B35A /* Frameworks */,
			);
			sourceTree = "<group>";
		};
		6AECD2C7299DA50200C3A9E9 /* Products */ = {
			isa = PBXGroup;
			children = (
				6AECD2C6299DA50200C3A9E9 /* IGyfs.app */,
			);
			name = Products;
			sourceTree = "<group>";
		};
		6AECD2C8299DA50200C3A9E9 /* IGyfs */ = {
			isa = PBXGroup;
			children = (
				6A91EBD329A5958B002CB384 /* Entities */,
				6A91EBC829A56990002CB384 /* Services */,
				6A91EBC729A56978002CB384 /* Model */,
				6A91EBC629A56972002CB384 /* Presentation */,
				6AECD2C9299DA50200C3A9E9 /* AppDelegate.swift */,
				6AECD2CB299DA50200C3A9E9 /* SceneDelegate.swift */,
				6AECD2D5299DA50400C3A9E9 /* Assets.xcassets */,
				6AECD2D7299DA50400C3A9E9 /* LaunchScreen.storyboard */,
				6AECD2DA299DA50400C3A9E9 /* Info.plist */,
				6AECD2D2299DA50200C3A9E9 /* IGyfs.xcdatamodeld */,
			);
			path = IGyfs;
			sourceTree = "<group>";
		};
		E8CB2AC3E59E3966E457B35A /* Frameworks */ = {
			isa = PBXGroup;
			children = (
				5186B5A207D5500DC5A6A367 /* Pods_IGyfs.framework */,
			);
			name = Frameworks;
			sourceTree = "<group>";
		};
/* End PBXGroup section */

/* Begin PBXNativeTarget section */
		6AECD2C5299DA50200C3A9E9 /* IGyfs */ = {
			isa = PBXNativeTarget;
			buildConfigurationList = 6AECD2DD299DA50400C3A9E9 /* Build configuration list for PBXNativeTarget "IGyfs" */;
			buildPhases = (
				5BAE40FCB8FBAAD88C167C5D /* [CP] Check Pods Manifest.lock */,
				6AECD2C2299DA50200C3A9E9 /* Sources */,
				6AECD2C3299DA50200C3A9E9 /* Frameworks */,
				6AECD2C4299DA50200C3A9E9 /* Resources */,
				6CFC0D206025E8DA493BC891 /* [CP] Embed Pods Frameworks */,
			);
			buildRules = (
			);
			dependencies = (
			);
			name = IGyfs;
			productName = IGyfs;
			productReference = 6AECD2C6299DA50200C3A9E9 /* IGyfs.app */;
			productType = "com.apple.product-type.application";
		};
/* End PBXNativeTarget section */

/* Begin PBXProject section */
		6AECD2BE299DA50200C3A9E9 /* Project object */ = {
			isa = PBXProject;
			attributes = {
				BuildIndependentTargetsInParallel = 1;
				LastSwiftUpdateCheck = 1420;
				LastUpgradeCheck = 1420;
				TargetAttributes = {
					6AECD2C5299DA50200C3A9E9 = {
						CreatedOnToolsVersion = 14.2;
					};
				};
			};
			buildConfigurationList = 6AECD2C1299DA50200C3A9E9 /* Build configuration list for PBXProject "IGyfs" */;
			compatibilityVersion = "Xcode 14.0";
			developmentRegion = en;
			hasScannedForEncodings = 0;
			knownRegions = (
				en,
				Base,
			);
			mainGroup = 6AECD2BD299DA50200C3A9E9;
			productRefGroup = 6AECD2C7299DA50200C3A9E9 /* Products */;
			projectDirPath = "";
			projectRoot = "";
			targets = (
				6AECD2C5299DA50200C3A9E9 /* IGyfs */,
			);
		};
/* End PBXProject section */

/* Begin PBXResourcesBuildPhase section */
		6AECD2C4299DA50200C3A9E9 /* Resources */ = {
			isa = PBXResourcesBuildPhase;
			buildActionMask = 2147483647;
			files = (
				6AECD2D9299DA50400C3A9E9 /* LaunchScreen.storyboard in Resources */,
				6AECD2D6299DA50400C3A9E9 /* Assets.xcassets in Resources */,
			);
			runOnlyForDeploymentPostprocessing = 0;
		};
/* End PBXResourcesBuildPhase section */

/* Begin PBXShellScriptBuildPhase section */
		5BAE40FCB8FBAAD88C167C5D /* [CP] Check Pods Manifest.lock */ = {
			isa = PBXShellScriptBuildPhase;
			buildActionMask = 2147483647;
			files = (
			);
			inputFileListPaths = (
			);
			inputPaths = (
				"${PODS_PODFILE_DIR_PATH}/Podfile.lock",
				"${PODS_ROOT}/Manifest.lock",
			);
			name = "[CP] Check Pods Manifest.lock";
			outputFileListPaths = (
			);
			outputPaths = (
				"$(DERIVED_FILE_DIR)/Pods-IGyfs-checkManifestLockResult.txt",
			);
			runOnlyForDeploymentPostprocessing = 0;
			shellPath = /bin/sh;
			shellScript = "diff \"${PODS_PODFILE_DIR_PATH}/Podfile.lock\" \"${PODS_ROOT}/Manifest.lock\" > /dev/null\nif [ $? != 0 ] ; then\n    # print error to STDERR\n    echo \"error: The sandbox is not in sync with the Podfile.lock. Run 'pod install' or update your CocoaPods installation.\" >&2\n    exit 1\nfi\n# This output is used by Xcode 'outputs' to avoid re-running this script phase.\necho \"SUCCESS\" > \"${SCRIPT_OUTPUT_FILE_0}\"\n";
			showEnvVarsInLog = 0;
		};
		6CFC0D206025E8DA493BC891 /* [CP] Embed Pods Frameworks */ = {
			isa = PBXShellScriptBuildPhase;
			buildActionMask = 2147483647;
			files = (
			);
			inputFileListPaths = (
				"${PODS_ROOT}/Target Support Files/Pods-IGyfs/Pods-IGyfs-frameworks-${CONFIGURATION}-input-files.xcfilelist",
			);
			name = "[CP] Embed Pods Frameworks";
			outputFileListPaths = (
				"${PODS_ROOT}/Target Support Files/Pods-IGyfs/Pods-IGyfs-frameworks-${CONFIGURATION}-output-files.xcfilelist",
			);
			runOnlyForDeploymentPostprocessing = 0;
			shellPath = /bin/sh;
			shellScript = "\"${PODS_ROOT}/Target Support Files/Pods-IGyfs/Pods-IGyfs-frameworks.sh\"\n";
			showEnvVarsInLog = 0;
		};
/* End PBXShellScriptBuildPhase section */

/* Begin PBXSourcesBuildPhase section */
		6AECD2C2299DA50200C3A9E9 /* Sources */ = {
			isa = PBXSourcesBuildPhase;
			buildActionMask = 2147483647;
			files = (
				6A91EBD929A59636002CB384 /* GyphyDataEntity.swift in Sources */,
				6A91EBCE29A572AD002CB384 /* GiffViewModel.swift in Sources */,
				6AECD2D4299DA50200C3A9E9 /* IGyfs.xcdatamodeld in Sources */,
				6A91EBD229A57BCC002CB384 /* GiffHeaderCollectionView.swift in Sources */,
				6A91EBDB29A59674002CB384 /* GiffService.swift in Sources */,
				6A91EBD029A574C5002CB384 /* GiffCollectionViewCell.swift in Sources */,
				6A91EBC229A56901002CB384 /* GiffScreen.swift in Sources */,
				6A91EBDD29A59986002CB384 /* Giff.swift in Sources */,
				6A57BA2F29A95C13009DD3E1 /* ShowGiffViewModel.swift in Sources */,
				6A91EBCC29A56ACE002CB384 /* GiffCollectionView.swift in Sources */,
				6AECD2CA299DA50200C3A9E9 /* AppDelegate.swift in Sources */,
				6A91EBBF29A54430002CB384 /* GiffViewController.swift in Sources */,
				6A91EBD529A5959D002CB384 /* GiffEntity.swift in Sources */,
				6A57BA2D29A9536E009DD3E1 /* ShowGiffScreen.swift in Sources */,
				6AECD2CC299DA50200C3A9E9 /* SceneDelegate.swift in Sources */,
				6A57BA2B29A95344009DD3E1 /* ShowGiffViewController.swift in Sources */,
				6A91EBD729A595F6002CB384 /* GiffImageEntity.swift in Sources */,
			);
			runOnlyForDeploymentPostprocessing = 0;
		};
/* End PBXSourcesBuildPhase section */

/* Begin PBXVariantGroup section */
		6AECD2D7299DA50400C3A9E9 /* LaunchScreen.storyboard */ = {
			isa = PBXVariantGroup;
			children = (
				6AECD2D8299DA50400C3A9E9 /* Base */,
			);
			name = LaunchScreen.storyboard;
			sourceTree = "<group>";
		};
/* End PBXVariantGroup section */

/* Begin XCBuildConfiguration section */
		6AECD2DB299DA50400C3A9E9 /* Debug */ = {
			isa = XCBuildConfiguration;
			buildSettings = {
				ALWAYS_SEARCH_USER_PATHS = NO;
				CLANG_ANALYZER_NONNULL = YES;
				CLANG_ANALYZER_NUMBER_OBJECT_CONVERSION = YES_AGGRESSIVE;
				CLANG_CXX_LANGUAGE_STANDARD = "gnu++20";
				CLANG_ENABLE_MODULES = YES;
				CLANG_ENABLE_OBJC_ARC = YES;
				CLANG_ENABLE_OBJC_WEAK = YES;
				CLANG_WARN_BLOCK_CAPTURE_AUTORELEASING = YES;
				CLANG_WARN_BOOL_CONVERSION = YES;
				CLANG_WARN_COMMA = YES;
				CLANG_WARN_CONSTANT_CONVERSION = YES;
				CLANG_WARN_DEPRECATED_OBJC_IMPLEMENTATIONS = YES;
				CLANG_WARN_DIRECT_OBJC_ISA_USAGE = YES_ERROR;
				CLANG_WARN_DOCUMENTATION_COMMENTS = YES;
				CLANG_WARN_EMPTY_BODY = YES;
				CLANG_WARN_ENUM_CONVERSION = YES;
				CLANG_WARN_INFINITE_RECURSION = YES;
				CLANG_WARN_INT_CONVERSION = YES;
				CLANG_WARN_NON_LITERAL_NULL_CONVERSION = YES;
				CLANG_WARN_OBJC_IMPLICIT_RETAIN_SELF = YES;
				CLANG_WARN_OBJC_LITERAL_CONVERSION = YES;
				CLANG_WARN_OBJC_ROOT_CLASS = YES_ERROR;
				CLANG_WARN_QUOTED_INCLUDE_IN_FRAMEWORK_HEADER = YES;
				CLANG_WARN_RANGE_LOOP_ANALYSIS = YES;
				CLANG_WARN_STRICT_PROTOTYPES = YES;
				CLANG_WARN_SUSPICIOUS_MOVE = YES;
				CLANG_WARN_UNGUARDED_AVAILABILITY = YES_AGGRESSIVE;
				CLANG_WARN_UNREACHABLE_CODE = YES;
				CLANG_WARN__DUPLICATE_METHOD_MATCH = YES;
				COPY_PHASE_STRIP = NO;
				DEBUG_INFORMATION_FORMAT = dwarf;
				ENABLE_STRICT_OBJC_MSGSEND = YES;
				ENABLE_TESTABILITY = YES;
				GCC_C_LANGUAGE_STANDARD = gnu11;
				GCC_DYNAMIC_NO_PIC = NO;
				GCC_NO_COMMON_BLOCKS = YES;
				GCC_OPTIMIZATION_LEVEL = 0;
				GCC_PREPROCESSOR_DEFINITIONS = (
					"DEBUG=1",
					"$(inherited)",
				);
				GCC_WARN_64_TO_32_BIT_CONVERSION = YES;
				GCC_WARN_ABOUT_RETURN_TYPE = YES_ERROR;
				GCC_WARN_UNDECLARED_SELECTOR = YES;
				GCC_WARN_UNINITIALIZED_AUTOS = YES_AGGRESSIVE;
				GCC_WARN_UNUSED_FUNCTION = YES;
				GCC_WARN_UNUSED_VARIABLE = YES;
				IPHONEOS_DEPLOYMENT_TARGET = 16.2;
				MTL_ENABLE_DEBUG_INFO = INCLUDE_SOURCE;
				MTL_FAST_MATH = YES;
				ONLY_ACTIVE_ARCH = YES;
				SDKROOT = iphoneos;
				SWIFT_ACTIVE_COMPILATION_CONDITIONS = DEBUG;
				SWIFT_OPTIMIZATION_LEVEL = "-Onone";
			};
			name = Debug;
		};
		6AECD2DC299DA50400C3A9E9 /* Release */ = {
			isa = XCBuildConfiguration;
			buildSettings = {
				ALWAYS_SEARCH_USER_PATHS = NO;
				CLANG_ANALYZER_NONNULL = YES;
				CLANG_ANALYZER_NUMBER_OBJECT_CONVERSION = YES_AGGRESSIVE;
				CLANG_CXX_LANGUAGE_STANDARD = "gnu++20";
				CLANG_ENABLE_MODULES = YES;
				CLANG_ENABLE_OBJC_ARC = YES;
				CLANG_ENABLE_OBJC_WEAK = YES;
				CLANG_WARN_BLOCK_CAPTURE_AUTORELEASING = YES;
				CLANG_WARN_BOOL_CONVERSION = YES;
				CLANG_WARN_COMMA = YES;
				CLANG_WARN_CONSTANT_CONVERSION = YES;
				CLANG_WARN_DEPRECATED_OBJC_IMPLEMENTATIONS = YES;
				CLANG_WARN_DIRECT_OBJC_ISA_USAGE = YES_ERROR;
				CLANG_WARN_DOCUMENTATION_COMMENTS = YES;
				CLANG_WARN_EMPTY_BODY = YES;
				CLANG_WARN_ENUM_CONVERSION = YES;
				CLANG_WARN_INFINITE_RECURSION = YES;
				CLANG_WARN_INT_CONVERSION = YES;
				CLANG_WARN_NON_LITERAL_NULL_CONVERSION = YES;
				CLANG_WARN_OBJC_IMPLICIT_RETAIN_SELF = YES;
				CLANG_WARN_OBJC_LITERAL_CONVERSION = YES;
				CLANG_WARN_OBJC_ROOT_CLASS = YES_ERROR;
				CLANG_WARN_QUOTED_INCLUDE_IN_FRAMEWORK_HEADER = YES;
				CLANG_WARN_RANGE_LOOP_ANALYSIS = YES;
				CLANG_WARN_STRICT_PROTOTYPES = YES;
				CLANG_WARN_SUSPICIOUS_MOVE = YES;
				CLANG_WARN_UNGUARDED_AVAILABILITY = YES_AGGRESSIVE;
				CLANG_WARN_UNREACHABLE_CODE = YES;
				CLANG_WARN__DUPLICATE_METHOD_MATCH = YES;
				COPY_PHASE_STRIP = NO;
				DEBUG_INFORMATION_FORMAT = "dwarf-with-dsym";
				ENABLE_NS_ASSERTIONS = NO;
				ENABLE_STRICT_OBJC_MSGSEND = YES;
				GCC_C_LANGUAGE_STANDARD = gnu11;
				GCC_NO_COMMON_BLOCKS = YES;
				GCC_WARN_64_TO_32_BIT_CONVERSION = YES;
				GCC_WARN_ABOUT_RETURN_TYPE = YES_ERROR;
				GCC_WARN_UNDECLARED_SELECTOR = YES;
				GCC_WARN_UNINITIALIZED_AUTOS = YES_AGGRESSIVE;
				GCC_WARN_UNUSED_FUNCTION = YES;
				GCC_WARN_UNUSED_VARIABLE = YES;
				IPHONEOS_DEPLOYMENT_TARGET = 16.2;
				MTL_ENABLE_DEBUG_INFO = NO;
				MTL_FAST_MATH = YES;
				SDKROOT = iphoneos;
				SWIFT_COMPILATION_MODE = wholemodule;
				SWIFT_OPTIMIZATION_LEVEL = "-O";
				VALIDATE_PRODUCT = YES;
			};
			name = Release;
		};
		6AECD2DE299DA50400C3A9E9 /* Debug */ = {
			isa = XCBuildConfiguration;
			baseConfigurationReference = F46E1EC0C158C7AFB512C077 /* Pods-IGyfs.debug.xcconfig */;
			buildSettings = {
				ASSETCATALOG_COMPILER_APPICON_NAME = AppIcon;
				ASSETCATALOG_COMPILER_GLOBAL_ACCENT_COLOR_NAME = AccentColor;
				CODE_SIGN_STYLE = Automatic;
				CURRENT_PROJECT_VERSION = 1;
				DEVELOPMENT_TEAM = CY8FFPP3V3;
				GENERATE_INFOPLIST_FILE = YES;
				INFOPLIST_FILE = IGyfs/Info.plist;
				INFOPLIST_KEY_UIApplicationSupportsIndirectInputEvents = YES;
				INFOPLIST_KEY_UILaunchStoryboardName = LaunchScreen;
				INFOPLIST_KEY_UIMainStoryboardFile = "";
				INFOPLIST_KEY_UISupportedInterfaceOrientations_iPad = "UIInterfaceOrientationPortrait UIInterfaceOrientationPortraitUpsideDown UIInterfaceOrientationLandscapeLeft UIInterfaceOrientationLandscapeRight";
				INFOPLIST_KEY_UISupportedInterfaceOrientations_iPhone = "UIInterfaceOrientationPortrait UIInterfaceOrientationLandscapeLeft UIInterfaceOrientationLandscapeRight";
				LD_RUNPATH_SEARCH_PATHS = (
					"$(inherited)",
					"@executable_path/Frameworks",
				);
				MARKETING_VERSION = 1.0;
				PRODUCT_BUNDLE_IDENTIFIER = com.rveronezdeveloper.IGyfs;
				PRODUCT_NAME = "$(TARGET_NAME)";
				SUPPORTED_PLATFORMS = "iphoneos iphonesimulator";
				SUPPORTS_MACCATALYST = NO;
				SUPPORTS_MAC_DESIGNED_FOR_IPHONE_IPAD = NO;
				SWIFT_EMIT_LOC_STRINGS = YES;
				SWIFT_VERSION = 5.0;
				TARGETED_DEVICE_FAMILY = 1;
			};
			name = Debug;
		};
		6AECD2DF299DA50400C3A9E9 /* Release */ = {
			isa = XCBuildConfiguration;
			baseConfigurationReference = EDE362D64AAECCA61A955F20 /* Pods-IGyfs.release.xcconfig */;
			buildSettings = {
				ASSETCATALOG_COMPILER_APPICON_NAME = AppIcon;
				ASSETCATALOG_COMPILER_GLOBAL_ACCENT_COLOR_NAME = AccentColor;
				CODE_SIGN_STYLE = Automatic;
				CURRENT_PROJECT_VERSION = 1;
				DEVELOPMENT_TEAM = CY8FFPP3V3;
				GENERATE_INFOPLIST_FILE = YES;
				INFOPLIST_FILE = IGyfs/Info.plist;
				INFOPLIST_KEY_UIApplicationSupportsIndirectInputEvents = YES;
				INFOPLIST_KEY_UILaunchStoryboardName = LaunchScreen;
				INFOPLIST_KEY_UIMainStoryboardFile = "";
				INFOPLIST_KEY_UISupportedInterfaceOrientations_iPad = "UIInterfaceOrientationPortrait UIInterfaceOrientationPortraitUpsideDown UIInterfaceOrientationLandscapeLeft UIInterfaceOrientationLandscapeRight";
				INFOPLIST_KEY_UISupportedInterfaceOrientations_iPhone = "UIInterfaceOrientationPortrait UIInterfaceOrientationLandscapeLeft UIInterfaceOrientationLandscapeRight";
				LD_RUNPATH_SEARCH_PATHS = (
					"$(inherited)",
					"@executable_path/Frameworks",
				);
				MARKETING_VERSION = 1.0;
				PRODUCT_BUNDLE_IDENTIFIER = com.rveronezdeveloper.IGyfs;
				PRODUCT_NAME = "$(TARGET_NAME)";
				SUPPORTED_PLATFORMS = "iphoneos iphonesimulator";
				SUPPORTS_MACCATALYST = NO;
				SUPPORTS_MAC_DESIGNED_FOR_IPHONE_IPAD = NO;
				SWIFT_EMIT_LOC_STRINGS = YES;
				SWIFT_VERSION = 5.0;
				TARGETED_DEVICE_FAMILY = 1;
			};
			name = Release;
		};
/* End XCBuildConfiguration section */

/* Begin XCConfigurationList section */
		6AECD2C1299DA50200C3A9E9 /* Build configuration list for PBXProject "IGyfs" */ = {
			isa = XCConfigurationList;
			buildConfigurations = (
				6AECD2DB299DA50400C3A9E9 /* Debug */,
				6AECD2DC299DA50400C3A9E9 /* Release */,
			);
			defaultConfigurationIsVisible = 0;
			defaultConfigurationName = Release;
		};
		6AECD2DD299DA50400C3A9E9 /* Build configuration list for PBXNativeTarget "IGyfs" */ = {
			isa = XCConfigurationList;
			buildConfigurations = (
				6AECD2DE299DA50400C3A9E9 /* Debug */,
				6AECD2DF299DA50400C3A9E9 /* Release */,
			);
			defaultConfigurationIsVisible = 0;
			defaultConfigurationName = Release;
		};
/* End XCConfigurationList section */

/* Begin XCVersionGroup section */
		6AECD2D2299DA50200C3A9E9 /* IGyfs.xcdatamodeld */ = {
			isa = XCVersionGroup;
			children = (
				6AECD2D3299DA50200C3A9E9 /* IGyfs.xcdatamodel */,
			);
			currentVersion = 6AECD2D3299DA50200C3A9E9 /* IGyfs.xcdatamodel */;
			path = IGyfs.xcdatamodeld;
			sourceTree = "<group>";
			versionGroupType = wrapper.xcdatamodel;
		};
/* End XCVersionGroup section */
	};
	rootObject = 6AECD2BE299DA50200C3A9E9 /* Project object */;
}
