// !$*UTF8*$!
{
	archiveVersion = 1;
	classes = {
	};
	objectVersion = 56;
	objects = {

/* Begin PBXBuildFile section */
		6A8E8A15299EB770004506FC /* GifsCollectionViewController.swift in Sources */ = {isa = PBXBuildFile; fileRef = 6A8E8A14299EB770004506FC /* GifsCollectionViewController.swift */; };
		6A8E8A17299EB94C004506FC /* GifCollectionViewCell.swift in Sources */ = {isa = PBXBuildFile; fileRef = 6A8E8A16299EB94C004506FC /* GifCollectionViewCell.swift */; };
		6A8E8A19299EEACA004506FC /* GiffHeaderView.swift in Sources */ = {isa = PBXBuildFile; fileRef = 6A8E8A18299EEACA004506FC /* GiffHeaderView.swift */; };
		6A8E8A1C299EF45C004506FC /* GifAPI.swift in Sources */ = {isa = PBXBuildFile; fileRef = 6A8E8A1B299EF45C004506FC /* GifAPI.swift */; };
		6A8E8A20299EFD6D004506FC /* GyphyEntity.swift in Sources */ = {isa = PBXBuildFile; fileRef = 6A8E8A1F299EFD6D004506FC /* GyphyEntity.swift */; };
		6A8E8A22299EFDBF004506FC /* GifEntity.swift in Sources */ = {isa = PBXBuildFile; fileRef = 6A8E8A21299EFDBF004506FC /* GifEntity.swift */; };
		6A8E8A24299EFE8E004506FC /* GifImageEntity.swift in Sources */ = {isa = PBXBuildFile; fileRef = 6A8E8A23299EFE8E004506FC /* GifImageEntity.swift */; };
		6A8E8A26299F01C9004506FC /* Gif.swift in Sources */ = {isa = PBXBuildFile; fileRef = 6A8E8A25299F01C9004506FC /* Gif.swift */; };
		6A8E8A28299F03F1004506FC /* GifCollectionViewmodel.swift in Sources */ = {isa = PBXBuildFile; fileRef = 6A8E8A27299F03F1004506FC /* GifCollectionViewmodel.swift */; };
		6AECD2CA299DA50200C3A9E9 /* AppDelegate.swift in Sources */ = {isa = PBXBuildFile; fileRef = 6AECD2C9299DA50200C3A9E9 /* AppDelegate.swift */; };
		6AECD2CC299DA50200C3A9E9 /* SceneDelegate.swift in Sources */ = {isa = PBXBuildFile; fileRef = 6AECD2CB299DA50200C3A9E9 /* SceneDelegate.swift */; };
		6AECD2D1299DA50200C3A9E9 /* Main.storyboard in Resources */ = {isa = PBXBuildFile; fileRef = 6AECD2CF299DA50200C3A9E9 /* Main.storyboard */; };
		6AECD2D4299DA50200C3A9E9 /* IGyfs.xcdatamodeld in Sources */ = {isa = PBXBuildFile; fileRef = 6AECD2D2299DA50200C3A9E9 /* IGyfs.xcdatamodeld */; };
		6AECD2D6299DA50400C3A9E9 /* Assets.xcassets in Resources */ = {isa = PBXBuildFile; fileRef = 6AECD2D5299DA50400C3A9E9 /* Assets.xcassets */; };
		6AECD2D9299DA50400C3A9E9 /* LaunchScreen.storyboard in Resources */ = {isa = PBXBuildFile; fileRef = 6AECD2D7299DA50400C3A9E9 /* LaunchScreen.storyboard */; };
/* End PBXBuildFile section */

/* Begin PBXFileReference section */
		6A8E8A14299EB770004506FC /* GifsCollectionViewController.swift */ = {isa = PBXFileReference; lastKnownFileType = sourcecode.swift; path = GifsCollectionViewController.swift; sourceTree = "<group>"; };
		6A8E8A16299EB94C004506FC /* GifCollectionViewCell.swift */ = {isa = PBXFileReference; lastKnownFileType = sourcecode.swift; path = GifCollectionViewCell.swift; sourceTree = "<group>"; };
		6A8E8A18299EEACA004506FC /* GiffHeaderView.swift */ = {isa = PBXFileReference; lastKnownFileType = sourcecode.swift; path = GiffHeaderView.swift; sourceTree = "<group>"; };
		6A8E8A1B299EF45C004506FC /* GifAPI.swift */ = {isa = PBXFileReference; lastKnownFileType = sourcecode.swift; path = GifAPI.swift; sourceTree = "<group>"; };
		6A8E8A1F299EFD6D004506FC /* GyphyEntity.swift */ = {isa = PBXFileReference; lastKnownFileType = sourcecode.swift; path = GyphyEntity.swift; sourceTree = "<group>"; };
		6A8E8A21299EFDBF004506FC /* GifEntity.swift */ = {isa = PBXFileReference; lastKnownFileType = sourcecode.swift; path = GifEntity.swift; sourceTree = "<group>"; };
		6A8E8A23299EFE8E004506FC /* GifImageEntity.swift */ = {isa = PBXFileReference; lastKnownFileType = sourcecode.swift; path = GifImageEntity.swift; sourceTree = "<group>"; };
		6A8E8A25299F01C9004506FC /* Gif.swift */ = {isa = PBXFileReference; lastKnownFileType = sourcecode.swift; path = Gif.swift; sourceTree = "<group>"; };
		6A8E8A27299F03F1004506FC /* GifCollectionViewmodel.swift */ = {isa = PBXFileReference; lastKnownFileType = sourcecode.swift; path = GifCollectionViewmodel.swift; sourceTree = "<group>"; };
		6AECD2C6299DA50200C3A9E9 /* IGyfs.app */ = {isa = PBXFileReference; explicitFileType = wrapper.application; includeInIndex = 0; path = IGyfs.app; sourceTree = BUILT_PRODUCTS_DIR; };
		6AECD2C9299DA50200C3A9E9 /* AppDelegate.swift */ = {isa = PBXFileReference; lastKnownFileType = sourcecode.swift; path = AppDelegate.swift; sourceTree = "<group>"; };
		6AECD2CB299DA50200C3A9E9 /* SceneDelegate.swift */ = {isa = PBXFileReference; lastKnownFileType = sourcecode.swift; path = SceneDelegate.swift; sourceTree = "<group>"; };
		6AECD2D0299DA50200C3A9E9 /* Base */ = {isa = PBXFileReference; lastKnownFileType = file.storyboard; name = Base; path = Base.lproj/Main.storyboard; sourceTree = "<group>"; };
		6AECD2D3299DA50200C3A9E9 /* IGyfs.xcdatamodel */ = {isa = PBXFileReference; lastKnownFileType = wrapper.xcdatamodel; path = IGyfs.xcdatamodel; sourceTree = "<group>"; };
		6AECD2D5299DA50400C3A9E9 /* Assets.xcassets */ = {isa = PBXFileReference; lastKnownFileType = folder.assetcatalog; path = Assets.xcassets; sourceTree = "<group>"; };
		6AECD2D8299DA50400C3A9E9 /* Base */ = {isa = PBXFileReference; lastKnownFileType = file.storyboard; name = Base; path = Base.lproj/LaunchScreen.storyboard; sourceTree = "<group>"; };
		6AECD2DA299DA50400C3A9E9 /* Info.plist */ = {isa = PBXFileReference; lastKnownFileType = text.plist.xml; path = Info.plist; sourceTree = "<group>"; };
/* End PBXFileReference section */

/* Begin PBXFrameworksBuildPhase section */
		6AECD2C3299DA50200C3A9E9 /* Frameworks */ = {
			isa = PBXFrameworksBuildPhase;
			buildActionMask = 2147483647;
			files = (
			);
			runOnlyForDeploymentPostprocessing = 0;
		};
/* End PBXFrameworksBuildPhase section */

/* Begin PBXGroup section */
		6A8E8A11299EB6E0004506FC /* Models */ = {
			isa = PBXGroup;
			children = (
				6A8E8A25299F01C9004506FC /* Gif.swift */,
			);
			path = Models;
			sourceTree = "<group>";
		};
		6A8E8A12299EB6FE004506FC /* ViewModels */ = {
			isa = PBXGroup;
			children = (
				6A8E8A27299F03F1004506FC /* GifCollectionViewmodel.swift */,
			);
			path = ViewModels;
			sourceTree = "<group>";
		};
		6A8E8A13299EB70C004506FC /* Views */ = {
			isa = PBXGroup;
			children = (
				6A8E8A14299EB770004506FC /* GifsCollectionViewController.swift */,
				6A8E8A16299EB94C004506FC /* GifCollectionViewCell.swift */,
				6A8E8A18299EEACA004506FC /* GiffHeaderView.swift */,
			);
			path = Views;
			sourceTree = "<group>";
		};
		6A8E8A1A299EF43F004506FC /* Services */ = {
			isa = PBXGroup;
			children = (
				6A8E8A1E299EFD3E004506FC /* Entities */,
				6A8E8A1D299EFD22004506FC /* Networking */,
			);
			path = Services;
			sourceTree = "<group>";
		};
		6A8E8A1D299EFD22004506FC /* Networking */ = {
			isa = PBXGroup;
			children = (
				6A8E8A1B299EF45C004506FC /* GifAPI.swift */,
			);
			path = Networking;
			sourceTree = "<group>";
		};
		6A8E8A1E299EFD3E004506FC /* Entities */ = {
			isa = PBXGroup;
			children = (
				6A8E8A1F299EFD6D004506FC /* GyphyEntity.swift */,
				6A8E8A21299EFDBF004506FC /* GifEntity.swift */,
				6A8E8A23299EFE8E004506FC /* GifImageEntity.swift */,
			);
			path = Entities;
			sourceTree = "<group>";
		};
		6AECD2BD299DA50200C3A9E9 = {
			isa = PBXGroup;
			children = (
				6AECD2C8299DA50200C3A9E9 /* IGyfs */,
				6AECD2C7299DA50200C3A9E9 /* Products */,
			);
			sourceTree = "<group>";
		};
		6AECD2C7299DA50200C3A9E9 /* Products */ = {
			isa = PBXGroup;
			children = (
				6AECD2C6299DA50200C3A9E9 /* IGyfs.app */,
			);
			name = Products;
			sourceTree = "<group>";
		};
		6AECD2C8299DA50200C3A9E9 /* IGyfs */ = {
			isa = PBXGroup;
			children = (
				6A8E8A1A299EF43F004506FC /* Services */,
				6A8E8A13299EB70C004506FC /* Views */,
				6A8E8A12299EB6FE004506FC /* ViewModels */,
				6A8E8A11299EB6E0004506FC /* Models */,
				6AECD2C9299DA50200C3A9E9 /* AppDelegate.swift */,
				6AECD2CB299DA50200C3A9E9 /* SceneDelegate.swift */,
				6AECD2CF299DA50200C3A9E9 /* Main.storyboard */,
				6AECD2D5299DA50400C3A9E9 /* Assets.xcassets */,
				6AECD2D7299DA50400C3A9E9 /* LaunchScreen.storyboard */,
				6AECD2DA299DA50400C3A9E9 /* Info.plist */,
				6AECD2D2299DA50200C3A9E9 /* IGyfs.xcdatamodeld */,
			);
			path = IGyfs;
			sourceTree = "<group>";
		};
/* End PBXGroup section */

/* Begin PBXNativeTarget section */
		6AECD2C5299DA50200C3A9E9 /* IGyfs */ = {
			isa = PBXNativeTarget;
			buildConfigurationList = 6AECD2DD299DA50400C3A9E9 /* Build configuration list for PBXNativeTarget "IGyfs" */;
			buildPhases = (
				6AECD2C2299DA50200C3A9E9 /* Sources */,
				6AECD2C3299DA50200C3A9E9 /* Frameworks */,
				6AECD2C4299DA50200C3A9E9 /* Resources */,
			);
			buildRules = (
			);
			dependencies = (
			);
			name = IGyfs;
			productName = IGyfs;
			productReference = 6AECD2C6299DA50200C3A9E9 /* IGyfs.app */;
			productType = "com.apple.product-type.application";
		};
/* End PBXNativeTarget section */

/* Begin PBXProject section */
		6AECD2BE299DA50200C3A9E9 /* Project object */ = {
			isa = PBXProject;
			attributes = {
				BuildIndependentTargetsInParallel = 1;
				LastSwiftUpdateCheck = 1420;
				LastUpgradeCheck = 1420;
				TargetAttributes = {
					6AECD2C5299DA50200C3A9E9 = {
						CreatedOnToolsVersion = 14.2;
					};
				};
			};
			buildConfigurationList = 6AECD2C1299DA50200C3A9E9 /* Build configuration list for PBXProject "IGyfs" */;
			compatibilityVersion = "Xcode 14.0";
			developmentRegion = en;
			hasScannedForEncodings = 0;
			knownRegions = (
				en,
				Base,
			);
			mainGroup = 6AECD2BD299DA50200C3A9E9;
			productRefGroup = 6AECD2C7299DA50200C3A9E9 /* Products */;
			projectDirPath = "";
			projectRoot = "";
			targets = (
				6AECD2C5299DA50200C3A9E9 /* IGyfs */,
			);
		};
/* End PBXProject section */

/* Begin PBXResourcesBuildPhase section */
		6AECD2C4299DA50200C3A9E9 /* Resources */ = {
			isa = PBXResourcesBuildPhase;
			buildActionMask = 2147483647;
			files = (
				6AECD2D9299DA50400C3A9E9 /* LaunchScreen.storyboard in Resources */,
				6AECD2D6299DA50400C3A9E9 /* Assets.xcassets in Resources */,
				6AECD2D1299DA50200C3A9E9 /* Main.storyboard in Resources */,
			);
			runOnlyForDeploymentPostprocessing = 0;
		};
/* End PBXResourcesBuildPhase section */

/* Begin PBXSourcesBuildPhase section */
		6AECD2C2299DA50200C3A9E9 /* Sources */ = {
			isa = PBXSourcesBuildPhase;
			buildActionMask = 2147483647;
			files = (
				6A8E8A17299EB94C004506FC /* GifCollectionViewCell.swift in Sources */,
				6A8E8A1C299EF45C004506FC /* GifAPI.swift in Sources */,
				6A8E8A24299EFE8E004506FC /* GifImageEntity.swift in Sources */,
				6AECD2D4299DA50200C3A9E9 /* IGyfs.xcdatamodeld in Sources */,
				6A8E8A26299F01C9004506FC /* Gif.swift in Sources */,
				6A8E8A28299F03F1004506FC /* GifCollectionViewmodel.swift in Sources */,
				6AECD2CA299DA50200C3A9E9 /* AppDelegate.swift in Sources */,
				6AECD2CC299DA50200C3A9E9 /* SceneDelegate.swift in Sources */,
				6A8E8A20299EFD6D004506FC /* GyphyEntity.swift in Sources */,
				6A8E8A15299EB770004506FC /* GifsCollectionViewController.swift in Sources */,
				6A8E8A22299EFDBF004506FC /* GifEntity.swift in Sources */,
				6A8E8A19299EEACA004506FC /* GiffHeaderView.swift in Sources */,
			);
			runOnlyForDeploymentPostprocessing = 0;
		};
/* End PBXSourcesBuildPhase section */

/* Begin PBXVariantGroup section */
		6AECD2CF299DA50200C3A9E9 /* Main.storyboard */ = {
			isa = PBXVariantGroup;
			children = (
				6AECD2D0299DA50200C3A9E9 /* Base */,
			);
			name = Main.storyboard;
			sourceTree = "<group>";
		};
		6AECD2D7299DA50400C3A9E9 /* LaunchScreen.storyboard */ = {
			isa = PBXVariantGroup;
			children = (
				6AECD2D8299DA50400C3A9E9 /* Base */,
			);
			name = LaunchScreen.storyboard;
			sourceTree = "<group>";
		};
/* End PBXVariantGroup section */

/* Begin XCBuildConfiguration section */
		6AECD2DB299DA50400C3A9E9 /* Debug */ = {
			isa = XCBuildConfiguration;
			buildSettings = {
				ALWAYS_SEARCH_USER_PATHS = NO;
				CLANG_ANALYZER_NONNULL = YES;
				CLANG_ANALYZER_NUMBER_OBJECT_CONVERSION = YES_AGGRESSIVE;
				CLANG_CXX_LANGUAGE_STANDARD = "gnu++20";
				CLANG_ENABLE_MODULES = YES;
				CLANG_ENABLE_OBJC_ARC = YES;
				CLANG_ENABLE_OBJC_WEAK = YES;
				CLANG_WARN_BLOCK_CAPTURE_AUTORELEASING = YES;
				CLANG_WARN_BOOL_CONVERSION = YES;
				CLANG_WARN_COMMA = YES;
				CLANG_WARN_CONSTANT_CONVERSION = YES;
				CLANG_WARN_DEPRECATED_OBJC_IMPLEMENTATIONS = YES;
				CLANG_WARN_DIRECT_OBJC_ISA_USAGE = YES_ERROR;
				CLANG_WARN_DOCUMENTATION_COMMENTS = YES;
				CLANG_WARN_EMPTY_BODY = YES;
				CLANG_WARN_ENUM_CONVERSION = YES;
				CLANG_WARN_INFINITE_RECURSION = YES;
				CLANG_WARN_INT_CONVERSION = YES;
				CLANG_WARN_NON_LITERAL_NULL_CONVERSION = YES;
				CLANG_WARN_OBJC_IMPLICIT_RETAIN_SELF = YES;
				CLANG_WARN_OBJC_LITERAL_CONVERSION = YES;
				CLANG_WARN_OBJC_ROOT_CLASS = YES_ERROR;
				CLANG_WARN_QUOTED_INCLUDE_IN_FRAMEWORK_HEADER = YES;
				CLANG_WARN_RANGE_LOOP_ANALYSIS = YES;
				CLANG_WARN_STRICT_PROTOTYPES = YES;
				CLANG_WARN_SUSPICIOUS_MOVE = YES;
				CLANG_WARN_UNGUARDED_AVAILABILITY = YES_AGGRESSIVE;
				CLANG_WARN_UNREACHABLE_CODE = YES;
				CLANG_WARN__DUPLICATE_METHOD_MATCH = YES;
				COPY_PHASE_STRIP = NO;
				DEBUG_INFORMATION_FORMAT = dwarf;
				ENABLE_STRICT_OBJC_MSGSEND = YES;
				ENABLE_TESTABILITY = YES;
				GCC_C_LANGUAGE_STANDARD = gnu11;
				GCC_DYNAMIC_NO_PIC = NO;
				GCC_NO_COMMON_BLOCKS = YES;
				GCC_OPTIMIZATION_LEVEL = 0;
				GCC_PREPROCESSOR_DEFINITIONS = (
					"DEBUG=1",
					"$(inherited)",
				);
				GCC_WARN_64_TO_32_BIT_CONVERSION = YES;
				GCC_WARN_ABOUT_RETURN_TYPE = YES_ERROR;
				GCC_WARN_UNDECLARED_SELECTOR = YES;
				GCC_WARN_UNINITIALIZED_AUTOS = YES_AGGRESSIVE;
				GCC_WARN_UNUSED_FUNCTION = YES;
				GCC_WARN_UNUSED_VARIABLE = YES;
				IPHONEOS_DEPLOYMENT_TARGET = 16.2;
				MTL_ENABLE_DEBUG_INFO = INCLUDE_SOURCE;
				MTL_FAST_MATH = YES;
				ONLY_ACTIVE_ARCH = YES;
				SDKROOT = iphoneos;
				SWIFT_ACTIVE_COMPILATION_CONDITIONS = DEBUG;
				SWIFT_OPTIMIZATION_LEVEL = "-Onone";
			};
			name = Debug;
		};
		6AECD2DC299DA50400C3A9E9 /* Release */ = {
			isa = XCBuildConfiguration;
			buildSettings = {
				ALWAYS_SEARCH_USER_PATHS = NO;
				CLANG_ANALYZER_NONNULL = YES;
				CLANG_ANALYZER_NUMBER_OBJECT_CONVERSION = YES_AGGRESSIVE;
				CLANG_CXX_LANGUAGE_STANDARD = "gnu++20";
				CLANG_ENABLE_MODULES = YES;
				CLANG_ENABLE_OBJC_ARC = YES;
				CLANG_ENABLE_OBJC_WEAK = YES;
				CLANG_WARN_BLOCK_CAPTURE_AUTORELEASING = YES;
				CLANG_WARN_BOOL_CONVERSION = YES;
				CLANG_WARN_COMMA = YES;
				CLANG_WARN_CONSTANT_CONVERSION = YES;
				CLANG_WARN_DEPRECATED_OBJC_IMPLEMENTATIONS = YES;
				CLANG_WARN_DIRECT_OBJC_ISA_USAGE = YES_ERROR;
				CLANG_WARN_DOCUMENTATION_COMMENTS = YES;
				CLANG_WARN_EMPTY_BODY = YES;
				CLANG_WARN_ENUM_CONVERSION = YES;
				CLANG_WARN_INFINITE_RECURSION = YES;
				CLANG_WARN_INT_CONVERSION = YES;
				CLANG_WARN_NON_LITERAL_NULL_CONVERSION = YES;
				CLANG_WARN_OBJC_IMPLICIT_RETAIN_SELF = YES;
				CLANG_WARN_OBJC_LITERAL_CONVERSION = YES;
				CLANG_WARN_OBJC_ROOT_CLASS = YES_ERROR;
				CLANG_WARN_QUOTED_INCLUDE_IN_FRAMEWORK_HEADER = YES;
				CLANG_WARN_RANGE_LOOP_ANALYSIS = YES;
				CLANG_WARN_STRICT_PROTOTYPES = YES;
				CLANG_WARN_SUSPICIOUS_MOVE = YES;
				CLANG_WARN_UNGUARDED_AVAILABILITY = YES_AGGRESSIVE;
				CLANG_WARN_UNREACHABLE_CODE = YES;
				CLANG_WARN__DUPLICATE_METHOD_MATCH = YES;
				COPY_PHASE_STRIP = NO;
				DEBUG_INFORMATION_FORMAT = "dwarf-with-dsym";
				ENABLE_NS_ASSERTIONS = NO;
				ENABLE_STRICT_OBJC_MSGSEND = YES;
				GCC_C_LANGUAGE_STANDARD = gnu11;
				GCC_NO_COMMON_BLOCKS = YES;
				GCC_WARN_64_TO_32_BIT_CONVERSION = YES;
				GCC_WARN_ABOUT_RETURN_TYPE = YES_ERROR;
				GCC_WARN_UNDECLARED_SELECTOR = YES;
				GCC_WARN_UNINITIALIZED_AUTOS = YES_AGGRESSIVE;
				GCC_WARN_UNUSED_FUNCTION = YES;
				GCC_WARN_UNUSED_VARIABLE = YES;
				IPHONEOS_DEPLOYMENT_TARGET = 16.2;
				MTL_ENABLE_DEBUG_INFO = NO;
				MTL_FAST_MATH = YES;
				SDKROOT = iphoneos;
				SWIFT_COMPILATION_MODE = wholemodule;
				SWIFT_OPTIMIZATION_LEVEL = "-O";
				VALIDATE_PRODUCT = YES;
			};
			name = Release;
		};
		6AECD2DE299DA50400C3A9E9 /* Debug */ = {
			isa = XCBuildConfiguration;
			buildSettings = {
				ASSETCATALOG_COMPILER_APPICON_NAME = AppIcon;
				ASSETCATALOG_COMPILER_GLOBAL_ACCENT_COLOR_NAME = AccentColor;
				CODE_SIGN_STYLE = Automatic;
				CURRENT_PROJECT_VERSION = 1;
				DEVELOPMENT_TEAM = CY8FFPP3V3;
				GENERATE_INFOPLIST_FILE = YES;
				INFOPLIST_FILE = IGyfs/Info.plist;
				INFOPLIST_KEY_UIApplicationSupportsIndirectInputEvents = YES;
				INFOPLIST_KEY_UILaunchStoryboardName = LaunchScreen;
				INFOPLIST_KEY_UIMainStoryboardFile = Main;
				INFOPLIST_KEY_UISupportedInterfaceOrientations_iPad = "UIInterfaceOrientationPortrait UIInterfaceOrientationPortraitUpsideDown UIInterfaceOrientationLandscapeLeft UIInterfaceOrientationLandscapeRight";
				INFOPLIST_KEY_UISupportedInterfaceOrientations_iPhone = "UIInterfaceOrientationPortrait UIInterfaceOrientationLandscapeLeft UIInterfaceOrientationLandscapeRight";
				LD_RUNPATH_SEARCH_PATHS = (
					"$(inherited)",
					"@executable_path/Frameworks",
				);
				MARKETING_VERSION = 1.0;
				PRODUCT_BUNDLE_IDENTIFIER = com.rveronezdeveloper.IGyfs;
				PRODUCT_NAME = "$(TARGET_NAME)";
				SUPPORTED_PLATFORMS = "iphoneos iphonesimulator";
				SUPPORTS_MACCATALYST = NO;
				SUPPORTS_MAC_DESIGNED_FOR_IPHONE_IPAD = NO;
				SWIFT_EMIT_LOC_STRINGS = YES;
				SWIFT_VERSION = 5.0;
				TARGETED_DEVICE_FAMILY = 1;
			};
			name = Debug;
		};
		6AECD2DF299DA50400C3A9E9 /* Release */ = {
			isa = XCBuildConfiguration;
			buildSettings = {
				ASSETCATALOG_COMPILER_APPICON_NAME = AppIcon;
				ASSETCATALOG_COMPILER_GLOBAL_ACCENT_COLOR_NAME = AccentColor;
				CODE_SIGN_STYLE = Automatic;
				CURRENT_PROJECT_VERSION = 1;
				DEVELOPMENT_TEAM = CY8FFPP3V3;
				GENERATE_INFOPLIST_FILE = YES;
				INFOPLIST_FILE = IGyfs/Info.plist;
				INFOPLIST_KEY_UIApplicationSupportsIndirectInputEvents = YES;
				INFOPLIST_KEY_UILaunchStoryboardName = LaunchScreen;
				INFOPLIST_KEY_UIMainStoryboardFile = Main;
				INFOPLIST_KEY_UISupportedInterfaceOrientations_iPad = "UIInterfaceOrientationPortrait UIInterfaceOrientationPortraitUpsideDown UIInterfaceOrientationLandscapeLeft UIInterfaceOrientationLandscapeRight";
				INFOPLIST_KEY_UISupportedInterfaceOrientations_iPhone = "UIInterfaceOrientationPortrait UIInterfaceOrientationLandscapeLeft UIInterfaceOrientationLandscapeRight";
				LD_RUNPATH_SEARCH_PATHS = (
					"$(inherited)",
					"@executable_path/Frameworks",
				);
				MARKETING_VERSION = 1.0;
				PRODUCT_BUNDLE_IDENTIFIER = com.rveronezdeveloper.IGyfs;
				PRODUCT_NAME = "$(TARGET_NAME)";
				SUPPORTED_PLATFORMS = "iphoneos iphonesimulator";
				SUPPORTS_MACCATALYST = NO;
				SUPPORTS_MAC_DESIGNED_FOR_IPHONE_IPAD = NO;
				SWIFT_EMIT_LOC_STRINGS = YES;
				SWIFT_VERSION = 5.0;
				TARGETED_DEVICE_FAMILY = 1;
			};
			name = Release;
		};
/* End XCBuildConfiguration section */

/* Begin XCConfigurationList section */
		6AECD2C1299DA50200C3A9E9 /* Build configuration list for PBXProject "IGyfs" */ = {
			isa = XCConfigurationList;
			buildConfigurations = (
				6AECD2DB299DA50400C3A9E9 /* Debug */,
				6AECD2DC299DA50400C3A9E9 /* Release */,
			);
			defaultConfigurationIsVisible = 0;
			defaultConfigurationName = Release;
		};
		6AECD2DD299DA50400C3A9E9 /* Build configuration list for PBXNativeTarget "IGyfs" */ = {
			isa = XCConfigurationList;
			buildConfigurations = (
				6AECD2DE299DA50400C3A9E9 /* Debug */,
				6AECD2DF299DA50400C3A9E9 /* Release */,
			);
			defaultConfigurationIsVisible = 0;
			defaultConfigurationName = Release;
		};
/* End XCConfigurationList section */

/* Begin XCVersionGroup section */
		6AECD2D2299DA50200C3A9E9 /* IGyfs.xcdatamodeld */ = {
			isa = XCVersionGroup;
			children = (
				6AECD2D3299DA50200C3A9E9 /* IGyfs.xcdatamodel */,
			);
			currentVersion = 6AECD2D3299DA50200C3A9E9 /* IGyfs.xcdatamodel */;
			path = IGyfs.xcdatamodeld;
			sourceTree = "<group>";
			versionGroupType = wrapper.xcdatamodel;
		};
/* End XCVersionGroup section */
	};
	rootObject = 6AECD2BE299DA50200C3A9E9 /* Project object */;
}
